{
  "lib/account-abstraction": {
    "tag": {
      "name": "v0.9.0",
      "rev": "b36a1ed52ae00da6f8a4c8d50181e2877e4fa410"
    }
  },
  "lib/forge-std": {
    "tag": {
      "name": "v1.14.0",
      "rev": "1801b0541f4fda118a10798fd3486bb7051c5dd6"
    }
  },
  "lib/openzeppelin-contracts": {
    "tag": {
      "name": "v5.5.0",
      "rev": "fcbae5394ae8ad52d8e580a3477db99814b9d565"
    }
  }
}